# THIS IS AN AUTOGENERATED FILE. DO NOT EDIT THIS FILE DIRECTLY.
# yarn lockfile v1


bluebird@^3.3.3:
  version "3.5.1"
  resolved "http://registry.npm.taobao.org/bluebird/download/bluebird-3.5.1.tgz#d9551f9de98f1fcda1e683d17ee91a0602ee2eb9"

giab@^1.0.8:
  version "1.0.8"
  resolved "http://registry.npm.taobao.org/giab/download/giab-1.0.8.tgz#c0f5020f679021b9713755d72a9ecf8207fa5efa"
  dependencies:
    bluebird "^3.3.3"
    github "^0.2.4"

github@^0.2.4:
  version "0.2.4"
  resolved "http://registry.npm.taobao.org/github/download/github-0.2.4.tgz#24fa7f0e13fa11b946af91134c51982a91ce538b"
  dependencies:
    mime "^1.2.11"

mime@^1.2.11:
  version "1.6.0"
  resolved "http://registry.npm.taobao.org/mime/download/mime-1.6.0.tgz#32cd9e5c64553bd58d19a568af452acff04981b1"
